
Microsoft Visual Studio Solution File, Format Version 12.00
# Visual Studio Version 17
VisualStudioVersion = 17.7.34221.43
MinimumVisualStudioVersion = 10.0.40219.1
Project("{FAE04EC0-301F-11D3-BF4B-00C04F79EFBC}") = "ConsAppDay5Assignment2", "ConsAppDay5Assignment2\ConsAppDay5Assignment2.csproj", "{480A8EBC-AAF4-404C-8919-BB48D8A1A113}"
EndProject
Global
	GlobalSection(SolutionConfigurationPlatforms) = preSolution
		Debug|Any CPU = Debug|Any CPU
		Release|Any CPU = Release|Any CPU
	EndGlobalSection
	GlobalSection(ProjectConfigurationPlatforms) = postSolution
		{480A8EBC-AAF4-404C-8919-BB48D8A1A113}.Debug|Any CPU.ActiveCfg = Debug|Any CPU
		{480A8EBC-AAF4-404C-8919-BB48D8A1A113}.Debug|Any CPU.Build.0 = Debug|Any CPU
		{480A8EBC-AAF4-404C-8919-BB48D8A1A113}.Release|Any CPU.ActiveCfg = Release|Any CPU
		{480A8EBC-AAF4-404C-8919-BB48D8A1A113}.Release|Any CPU.Build.0 = Release|Any CPU
	EndGlobalSection
	GlobalSection(SolutionProperties) = preSolution
		HideSolutionNode = FALSE
	EndGlobalSection
	GlobalSection(ExtensibilityGlobals) = postSolution
		SolutionGuid = {A09DE02E-4D85-4964-ACE5-F9FE8E448DAC}
	EndGlobalSection
EndGlobal
